
Microsoft Visual Studio Solution File, Format Version 12.00
# Visual Studio Version 16
VisualStudioVersion = 16.0.30523.141
MinimumVisualStudioVersion = 10.0.40219.1
Project("{9A19103F-16F7-4668-BE54-9A1E7A4F7556}") = "IvanCastronuno", "IvanCastronuno.csproj", "{88C5D510-E37E-499E-9A8C-9D1EB412FF8F}"
EndProject
Project("{FAE04EC0-301F-11D3-BF4B-00C04F79EFBC}") = "IvanCastronunoTests", "..\IvanCastronunoTests\IvanCastronunoTests.csproj", "{F7D2A9CB-63C4-4D84-9941-E7CB84C53830}"
EndProject
Global
	GlobalSection(SolutionConfigurationPlatforms) = preSolution
		Debug|Any CPU = Debug|Any CPU
		Release|Any CPU = Release|Any CPU
	EndGlobalSection
	GlobalSection(ProjectConfigurationPlatforms) = postSolution
		{88C5D510-E37E-499E-9A8C-9D1EB412FF8F}.Debug|Any CPU.ActiveCfg = Debug|Any CPU
		{88C5D510-E37E-499E-9A8C-9D1EB412FF8F}.Debug|Any CPU.Build.0 = Debug|Any CPU
		{88C5D510-E37E-499E-9A8C-9D1EB412FF8F}.Release|Any CPU.ActiveCfg = Release|Any CPU
		{88C5D510-E37E-499E-9A8C-9D1EB412FF8F}.Release|Any CPU.Build.0 = Release|Any CPU
		{F7D2A9CB-63C4-4D84-9941-E7CB84C53830}.Debug|Any CPU.ActiveCfg = Debug|Any CPU
		{F7D2A9CB-63C4-4D84-9941-E7CB84C53830}.Debug|Any CPU.Build.0 = Debug|Any CPU
		{F7D2A9CB-63C4-4D84-9941-E7CB84C53830}.Release|Any CPU.ActiveCfg = Release|Any CPU
		{F7D2A9CB-63C4-4D84-9941-E7CB84C53830}.Release|Any CPU.Build.0 = Release|Any CPU
	EndGlobalSection
	GlobalSection(SolutionProperties) = preSolution
		HideSolutionNode = FALSE
	EndGlobalSection
	GlobalSection(ExtensibilityGlobals) = postSolution
		SolutionGuid = {BB38EF66-4412-4E9B-BE98-DA2F8DDE3DBE}
	EndGlobalSection
EndGlobal
